{
  "name": "Bead",
  "lockfileVersion": 2,
  "requires": true,
  "packages": {
    "": {
      "dependencies": {
        "nanogallery2": "^3.0.5"
      }
    },
    "node_modules/jquery": {
      "version": "3.6.1",
      "resolved": "https://registry.npmjs.org/jquery/-/jquery-3.6.1.tgz",
      "integrity": "sha512-opJeO4nCucVnsjiXOE+/PcCgYw9Gwpvs/a6B1LL/lQhwWwpbVEVYDZ1FokFr8PRc7ghYlrFPuyHuiiDNTQxmcw=="
    },
    "node_modules/nanogallery2": {
      "version": "3.0.5",
      "resolved": "https://registry.npmjs.org/nanogallery2/-/nanogallery2-3.0.5.tgz",
      "integrity": "sha512-Oa5EecMzUQGuRuh6LTc+xKBy5K+1WHXKA0o5PbqGm25rkuswtnE/QtN4RmTLBGSk5eYOTzWdkmm6RDH8+90vEg==",
      "dependencies": {
        "jquery": ">=1.12.4"
      }
    }
  },
  "dependencies": {
    "jquery": {
      "version": "3.6.1",
      "resolved": "https://registry.npmjs.org/jquery/-/jquery-3.6.1.tgz",
      "integrity": "sha512-opJeO4nCucVnsjiXOE+/PcCgYw9Gwpvs/a6B1LL/lQhwWwpbVEVYDZ1FokFr8PRc7ghYlrFPuyHuiiDNTQxmcw=="
    },
    "nanogallery2": {
      "version": "3.0.5",
      "resolved": "https://registry.npmjs.org/nanogallery2/-/nanogallery2-3.0.5.tgz",
      "integrity": "sha512-Oa5EecMzUQGuRuh6LTc+xKBy5K+1WHXKA0o5PbqGm25rkuswtnE/QtN4RmTLBGSk5eYOTzWdkmm6RDH8+90vEg==",
      "requires": {
        "jquery": ">=1.12.4"
      }
    }
  }
}
